
Microsoft Visual Studio Solution File, Format Version 12.00
# Visual Studio Version 17
VisualStudioVersion = 17.5.33424.131
MinimumVisualStudioVersion = 10.0.40219.1
Project("{9A19103F-16F7-4668-BE54-9A1E7A4F7556}") = "UserControl", "UserControl\UserControl.csproj", "{73B5B7D3-1CAE-48A0-8E71-43251F94CC3A}"
EndProject
Project("{FAE04EC0-301F-11D3-BF4B-00C04F79EFBC}") = "Data", "Data\Data.csproj", "{9BF803CB-D4FA-4225-A7B5-BB53861E5E71}"
EndProject
Global
	GlobalSection(SolutionConfigurationPlatforms) = preSolution
		Debug|Any CPU = Debug|Any CPU
		Release|Any CPU = Release|Any CPU
	EndGlobalSection
	GlobalSection(ProjectConfigurationPlatforms) = postSolution
		{73B5B7D3-1CAE-48A0-8E71-43251F94CC3A}.Debug|Any CPU.ActiveCfg = Debug|Any CPU
		{73B5B7D3-1CAE-48A0-8E71-43251F94CC3A}.Debug|Any CPU.Build.0 = Debug|Any CPU
		{73B5B7D3-1CAE-48A0-8E71-43251F94CC3A}.Release|Any CPU.ActiveCfg = Release|Any CPU
		{73B5B7D3-1CAE-48A0-8E71-43251F94CC3A}.Release|Any CPU.Build.0 = Release|Any CPU
		{9BF803CB-D4FA-4225-A7B5-BB53861E5E71}.Debug|Any CPU.ActiveCfg = Debug|Any CPU
		{9BF803CB-D4FA-4225-A7B5-BB53861E5E71}.Debug|Any CPU.Build.0 = Debug|Any CPU
		{9BF803CB-D4FA-4225-A7B5-BB53861E5E71}.Release|Any CPU.ActiveCfg = Release|Any CPU
		{9BF803CB-D4FA-4225-A7B5-BB53861E5E71}.Release|Any CPU.Build.0 = Release|Any CPU
	EndGlobalSection
	GlobalSection(SolutionProperties) = preSolution
		HideSolutionNode = FALSE
	EndGlobalSection
	GlobalSection(ExtensibilityGlobals) = postSolution
		SolutionGuid = {69DDB361-4591-499A-BFF7-F0ABE0550059}
	EndGlobalSection
EndGlobal
