
Microsoft Visual Studio Solution File, Format Version 12.00
# Visual Studio Version 17
VisualStudioVersion = 17.5.33424.131
MinimumVisualStudioVersion = 10.0.40219.1
Project("{9A19103F-16F7-4668-BE54-9A1E7A4F7556}") = "UserControl", "UserControl\UserControl.csproj", "{73B5B7D3-1CAE-48A0-8E71-43251F94CC3A}"
EndProject
Project("{2150E333-8FDC-42A3-9474-1A3956D46DE8}") = "Domain", "Domain", "{48DBBA07-887E-40BB-81F6-04F1C5C2CED7}"
EndProject
Project("{2150E333-8FDC-42A3-9474-1A3956D46DE8}") = "Web", "Web", "{13A05520-35F6-4000-8A7B-E78628E12926}"
EndProject
Project("{9A19103F-16F7-4668-BE54-9A1E7A4F7556}") = "Data", "Data\Data.csproj", "{CA8251C9-41D9-4EF8-ACF6-1FF52B073405}"
EndProject
Project("{9A19103F-16F7-4668-BE54-9A1E7A4F7556}") = "Ef", "Ef\Ef.csproj", "{809A5C39-45BF-4173-8C09-737E6C9A0535}"
EndProject
Project("{9A19103F-16F7-4668-BE54-9A1E7A4F7556}") = "Ef.PostgreSqlMigrations", "Ef.PostgreSqlMigrations\Ef.PostgreSqlMigrations.csproj", "{DF440B97-0D30-43E9-8EE5-92F3F4506C25}"
EndProject
Project("{9A19103F-16F7-4668-BE54-9A1E7A4F7556}") = "Ef.SqliteMigrations", "Ef.SqliteMigrations\Ef.SqliteMigrations.csproj", "{D417504C-FAA9-49EE-B15B-249D255AB1C1}"
EndProject
Project("{9A19103F-16F7-4668-BE54-9A1E7A4F7556}") = "Ef.SqlServerMigrations", "Ef.SqlServerMigrations\Ef.SqlServerMigrations.csproj", "{AD325DA1-7642-4796-8A01-E0B4A9A44DF3}"
EndProject
Global
	GlobalSection(SolutionConfigurationPlatforms) = preSolution
		Debug|Any CPU = Debug|Any CPU
		Release|Any CPU = Release|Any CPU
	EndGlobalSection
	GlobalSection(ProjectConfigurationPlatforms) = postSolution
		{73B5B7D3-1CAE-48A0-8E71-43251F94CC3A}.Debug|Any CPU.ActiveCfg = Debug|Any CPU
		{73B5B7D3-1CAE-48A0-8E71-43251F94CC3A}.Debug|Any CPU.Build.0 = Debug|Any CPU
		{73B5B7D3-1CAE-48A0-8E71-43251F94CC3A}.Release|Any CPU.ActiveCfg = Release|Any CPU
		{73B5B7D3-1CAE-48A0-8E71-43251F94CC3A}.Release|Any CPU.Build.0 = Release|Any CPU
		{CA8251C9-41D9-4EF8-ACF6-1FF52B073405}.Debug|Any CPU.ActiveCfg = Debug|Any CPU
		{CA8251C9-41D9-4EF8-ACF6-1FF52B073405}.Debug|Any CPU.Build.0 = Debug|Any CPU
		{CA8251C9-41D9-4EF8-ACF6-1FF52B073405}.Release|Any CPU.ActiveCfg = Release|Any CPU
		{CA8251C9-41D9-4EF8-ACF6-1FF52B073405}.Release|Any CPU.Build.0 = Release|Any CPU
		{809A5C39-45BF-4173-8C09-737E6C9A0535}.Debug|Any CPU.ActiveCfg = Debug|Any CPU
		{809A5C39-45BF-4173-8C09-737E6C9A0535}.Debug|Any CPU.Build.0 = Debug|Any CPU
		{809A5C39-45BF-4173-8C09-737E6C9A0535}.Release|Any CPU.ActiveCfg = Release|Any CPU
		{809A5C39-45BF-4173-8C09-737E6C9A0535}.Release|Any CPU.Build.0 = Release|Any CPU
		{DF440B97-0D30-43E9-8EE5-92F3F4506C25}.Debug|Any CPU.ActiveCfg = Debug|Any CPU
		{DF440B97-0D30-43E9-8EE5-92F3F4506C25}.Debug|Any CPU.Build.0 = Debug|Any CPU
		{DF440B97-0D30-43E9-8EE5-92F3F4506C25}.Release|Any CPU.ActiveCfg = Release|Any CPU
		{DF440B97-0D30-43E9-8EE5-92F3F4506C25}.Release|Any CPU.Build.0 = Release|Any CPU
		{D417504C-FAA9-49EE-B15B-249D255AB1C1}.Debug|Any CPU.ActiveCfg = Debug|Any CPU
		{D417504C-FAA9-49EE-B15B-249D255AB1C1}.Debug|Any CPU.Build.0 = Debug|Any CPU
		{D417504C-FAA9-49EE-B15B-249D255AB1C1}.Release|Any CPU.ActiveCfg = Release|Any CPU
		{D417504C-FAA9-49EE-B15B-249D255AB1C1}.Release|Any CPU.Build.0 = Release|Any CPU
		{AD325DA1-7642-4796-8A01-E0B4A9A44DF3}.Debug|Any CPU.ActiveCfg = Debug|Any CPU
		{AD325DA1-7642-4796-8A01-E0B4A9A44DF3}.Debug|Any CPU.Build.0 = Debug|Any CPU
		{AD325DA1-7642-4796-8A01-E0B4A9A44DF3}.Release|Any CPU.ActiveCfg = Release|Any CPU
		{AD325DA1-7642-4796-8A01-E0B4A9A44DF3}.Release|Any CPU.Build.0 = Release|Any CPU
	EndGlobalSection
	GlobalSection(SolutionProperties) = preSolution
		HideSolutionNode = FALSE
	EndGlobalSection
	GlobalSection(NestedProjects) = preSolution
		{73B5B7D3-1CAE-48A0-8E71-43251F94CC3A} = {13A05520-35F6-4000-8A7B-E78628E12926}
		{CA8251C9-41D9-4EF8-ACF6-1FF52B073405} = {48DBBA07-887E-40BB-81F6-04F1C5C2CED7}
		{809A5C39-45BF-4173-8C09-737E6C9A0535} = {48DBBA07-887E-40BB-81F6-04F1C5C2CED7}
		{DF440B97-0D30-43E9-8EE5-92F3F4506C25} = {48DBBA07-887E-40BB-81F6-04F1C5C2CED7}
		{D417504C-FAA9-49EE-B15B-249D255AB1C1} = {48DBBA07-887E-40BB-81F6-04F1C5C2CED7}
		{AD325DA1-7642-4796-8A01-E0B4A9A44DF3} = {48DBBA07-887E-40BB-81F6-04F1C5C2CED7}
	EndGlobalSection
	GlobalSection(ExtensibilityGlobals) = postSolution
		SolutionGuid = {69DDB361-4591-499A-BFF7-F0ABE0550059}
	EndGlobalSection
EndGlobal
